
Microsoft Visual Studio Solution File, Format Version 12.00
# Visual Studio Version 16
VisualStudioVersion = 16.0.30503.244
MinimumVisualStudioVersion = 10.0.40219.1
Project("{FAE04EC0-301F-11D3-BF4B-00C04F79EFBC}") = "MinhasContas.Android", "MinhasContas.Android\MinhasContas.Android.csproj", "{3342F471-4643-4F2F-B897-D4089970495F}"
EndProject
Project("{FAE04EC0-301F-11D3-BF4B-00C04F79EFBC}") = "MinhasContas.iOS", "MinhasContas.iOS\MinhasContas.iOS.csproj", "{080A4599-A4FE-401A-8F81-2CE24423071F}"
EndProject
Project("{FAE04EC0-301F-11D3-BF4B-00C04F79EFBC}") = "MinhasContas", "MinhasContas\MinhasContas.csproj", "{8368559A-2ACD-4DE3-8796-568DE2C5B640}"
EndProject
Global
	GlobalSection(SolutionConfigurationPlatforms) = preSolution
		Debug|Any CPU = Debug|Any CPU
		Debug|iPhone = Debug|iPhone
		Debug|iPhoneSimulator = Debug|iPhoneSimulator
		Release|Any CPU = Release|Any CPU
		Release|iPhone = Release|iPhone
		Release|iPhoneSimulator = Release|iPhoneSimulator
	EndGlobalSection
	GlobalSection(ProjectConfigurationPlatforms) = postSolution
		{3342F471-4643-4F2F-B897-D4089970495F}.Debug|Any CPU.ActiveCfg = Debug|Any CPU
		{3342F471-4643-4F2F-B897-D4089970495F}.Debug|Any CPU.Build.0 = Debug|Any CPU
		{3342F471-4643-4F2F-B897-D4089970495F}.Debug|Any CPU.Deploy.0 = Debug|Any CPU
		{3342F471-4643-4F2F-B897-D4089970495F}.Debug|iPhone.ActiveCfg = Debug|Any CPU
		{3342F471-4643-4F2F-B897-D4089970495F}.Debug|iPhone.Build.0 = Debug|Any CPU
		{3342F471-4643-4F2F-B897-D4089970495F}.Debug|iPhone.Deploy.0 = Debug|Any CPU
		{3342F471-4643-4F2F-B897-D4089970495F}.Debug|iPhoneSimulator.ActiveCfg = Debug|Any CPU
		{3342F471-4643-4F2F-B897-D4089970495F}.Debug|iPhoneSimulator.Build.0 = Debug|Any CPU
		{3342F471-4643-4F2F-B897-D4089970495F}.Debug|iPhoneSimulator.Deploy.0 = Debug|Any CPU
		{3342F471-4643-4F2F-B897-D4089970495F}.Release|Any CPU.ActiveCfg = Release|Any CPU
		{3342F471-4643-4F2F-B897-D4089970495F}.Release|Any CPU.Build.0 = Release|Any CPU
		{3342F471-4643-4F2F-B897-D4089970495F}.Release|Any CPU.Deploy.0 = Release|Any CPU
		{3342F471-4643-4F2F-B897-D4089970495F}.Release|iPhone.ActiveCfg = Release|Any CPU
		{3342F471-4643-4F2F-B897-D4089970495F}.Release|iPhone.Build.0 = Release|Any CPU
		{3342F471-4643-4F2F-B897-D4089970495F}.Release|iPhone.Deploy.0 = Release|Any CPU
		{3342F471-4643-4F2F-B897-D4089970495F}.Release|iPhoneSimulator.ActiveCfg = Release|Any CPU
		{3342F471-4643-4F2F-B897-D4089970495F}.Release|iPhoneSimulator.Build.0 = Release|Any CPU
		{3342F471-4643-4F2F-B897-D4089970495F}.Release|iPhoneSimulator.Deploy.0 = Release|Any CPU
		{080A4599-A4FE-401A-8F81-2CE24423071F}.Debug|Any CPU.ActiveCfg = Debug|iPhone
		{080A4599-A4FE-401A-8F81-2CE24423071F}.Debug|Any CPU.Build.0 = Debug|iPhone
		{080A4599-A4FE-401A-8F81-2CE24423071F}.Debug|Any CPU.Deploy.0 = Debug|iPhone
		{080A4599-A4FE-401A-8F81-2CE24423071F}.Debug|iPhone.ActiveCfg = Debug|iPhone
		{080A4599-A4FE-401A-8F81-2CE24423071F}.Debug|iPhone.Build.0 = Debug|iPhone
		{080A4599-A4FE-401A-8F81-2CE24423071F}.Debug|iPhone.Deploy.0 = Debug|iPhone
		{080A4599-A4FE-401A-8F81-2CE24423071F}.Debug|iPhoneSimulator.ActiveCfg = Debug|iPhoneSimulator
		{080A4599-A4FE-401A-8F81-2CE24423071F}.Debug|iPhoneSimulator.Build.0 = Debug|iPhoneSimulator
		{080A4599-A4FE-401A-8F81-2CE24423071F}.Debug|iPhoneSimulator.Deploy.0 = Debug|iPhoneSimulator
		{080A4599-A4FE-401A-8F81-2CE24423071F}.Release|Any CPU.ActiveCfg = Release|iPhoneSimulator
		{080A4599-A4FE-401A-8F81-2CE24423071F}.Release|Any CPU.Build.0 = Release|iPhoneSimulator
		{080A4599-A4FE-401A-8F81-2CE24423071F}.Release|Any CPU.Deploy.0 = Release|iPhoneSimulator
		{080A4599-A4FE-401A-8F81-2CE24423071F}.Release|iPhone.ActiveCfg = Release|iPhone
		{080A4599-A4FE-401A-8F81-2CE24423071F}.Release|iPhone.Build.0 = Release|iPhone
		{080A4599-A4FE-401A-8F81-2CE24423071F}.Release|iPhone.Deploy.0 = Release|iPhone
		{080A4599-A4FE-401A-8F81-2CE24423071F}.Release|iPhoneSimulator.ActiveCfg = Release|iPhoneSimulator
		{080A4599-A4FE-401A-8F81-2CE24423071F}.Release|iPhoneSimulator.Build.0 = Release|iPhoneSimulator
		{080A4599-A4FE-401A-8F81-2CE24423071F}.Release|iPhoneSimulator.Deploy.0 = Release|iPhoneSimulator
		{8368559A-2ACD-4DE3-8796-568DE2C5B640}.Debug|Any CPU.ActiveCfg = Debug|Any CPU
		{8368559A-2ACD-4DE3-8796-568DE2C5B640}.Debug|Any CPU.Build.0 = Debug|Any CPU
		{8368559A-2ACD-4DE3-8796-568DE2C5B640}.Debug|Any CPU.Deploy.0 = Debug|Any CPU
		{8368559A-2ACD-4DE3-8796-568DE2C5B640}.Debug|iPhone.ActiveCfg = Debug|Any CPU
		{8368559A-2ACD-4DE3-8796-568DE2C5B640}.Debug|iPhone.Build.0 = Debug|Any CPU
		{8368559A-2ACD-4DE3-8796-568DE2C5B640}.Debug|iPhone.Deploy.0 = Debug|Any CPU
		{8368559A-2ACD-4DE3-8796-568DE2C5B640}.Debug|iPhoneSimulator.ActiveCfg = Debug|Any CPU
		{8368559A-2ACD-4DE3-8796-568DE2C5B640}.Debug|iPhoneSimulator.Build.0 = Debug|Any CPU
		{8368559A-2ACD-4DE3-8796-568DE2C5B640}.Debug|iPhoneSimulator.Deploy.0 = Debug|Any CPU
		{8368559A-2ACD-4DE3-8796-568DE2C5B640}.Release|Any CPU.ActiveCfg = Release|Any CPU
		{8368559A-2ACD-4DE3-8796-568DE2C5B640}.Release|Any CPU.Build.0 = Release|Any CPU
		{8368559A-2ACD-4DE3-8796-568DE2C5B640}.Release|Any CPU.Deploy.0 = Release|Any CPU
		{8368559A-2ACD-4DE3-8796-568DE2C5B640}.Release|iPhone.ActiveCfg = Release|Any CPU
		{8368559A-2ACD-4DE3-8796-568DE2C5B640}.Release|iPhone.Build.0 = Release|Any CPU
		{8368559A-2ACD-4DE3-8796-568DE2C5B640}.Release|iPhone.Deploy.0 = Release|Any CPU
		{8368559A-2ACD-4DE3-8796-568DE2C5B640}.Release|iPhoneSimulator.ActiveCfg = Release|Any CPU
		{8368559A-2ACD-4DE3-8796-568DE2C5B640}.Release|iPhoneSimulator.Build.0 = Release|Any CPU
		{8368559A-2ACD-4DE3-8796-568DE2C5B640}.Release|iPhoneSimulator.Deploy.0 = Release|Any CPU
	EndGlobalSection
	GlobalSection(SolutionProperties) = preSolution
		HideSolutionNode = FALSE
	EndGlobalSection
	GlobalSection(ExtensibilityGlobals) = postSolution
		SolutionGuid = {F4CC07EA-BC47-488A-AD2F-0AC112D7EAD8}
	EndGlobalSection
EndGlobal
